<?xml version="1.0" encoding="utf-8"?>
<Project ToolsVersion="17.0" xmlns="http://schemas.microsoft.com/developer/msbuild/2003">
  <ItemGroup>
    <CudaCompile Include="..\src\all_gather.cu">
      <Filter>Source Files</Filter>
    </CudaCompile>
    <CudaCompile Include="..\src\all_reduce.cu">
      <Filter>Source Files</Filter>
    </CudaCompile>
    <CudaCompile Include="..\src\broadcast.cu">
      <Filter>Source Files</Filter>
    </CudaCompile>
    <CudaCompile Include="..\src\core.cu">
      <Filter>Source Files</Filter>
    </CudaCompile>
    <CudaCompile Include="..\src\reduce.cu">
      <Filter>Source Files</Filter>
    </CudaCompile>
    <CudaCompile Include="..\src\reduce_scatter.cu">
      <Filter>Source Files</Filter>
    </CudaCompile>
    <CudaCompile Include="..\src\libwrap.cu">
      <Filter>Source Files</Filter>
    </CudaCompile>
  </ItemGroup>
  <ItemGroup>
    <CustomBuild Include="D:\AI\buun-llama-cpp\nccl-windows\windows\CMakeLists.txt" />
  </ItemGroup>
  <ItemGroup>
    <Filter Include="Source Files">
      <UniqueIdentifier>{EEE8DF4B-6FE0-316F-A672-B3998E5C8064}</UniqueIdentifier>
    </Filter>
  </ItemGroup>
</Project>
